
Microsoft Visual Studio Solution File, Format Version 12.00
Project("{FAE04EC0-301F-11D3-BF4B-00C04F79EFBC}") = "ShaFlyRest.Cloud", "ShaFlyRest.Cloud\ShaFlyRest.Cloud.csproj", "{7F6F55FF-F653-4BC0-9158-A09DAE7F73AF}"
EndProject
Project("{FAE04EC0-301F-11D3-BF4B-00C04F79EFBC}") = "ShaFlyRest.Benchmark", "ShaFlyRest.Benchmark\ShaFlyRest.Benchmark.csproj", "{003D7C6E-2EEB-4889-A18E-E17B1BBB08E3}"
EndProject
Project("{FAE04EC0-301F-11D3-BF4B-00C04F79EFBC}") = "ShaFlyRest.Core", "ShaFlyRest.Core\ShaFlyRest.Core.csproj", "{F80AA555-5E5C-40F9-8F95-0DBD8441680E}"
EndProject
Project("{FAE04EC0-301F-11D3-BF4B-00C04F79EFBC}") = "ShaFlyRest.Client", "ShaFlyRest.Client\ShaFlyRest.Client.csproj", "{8D623AD1-AFFE-44E9-8E5B-721CC79CE8A9}"
EndProject
Global
	GlobalSection(SolutionConfigurationPlatforms) = preSolution
		Debug|Any CPU = Debug|Any CPU
		Release|Any CPU = Release|Any CPU
	EndGlobalSection
	GlobalSection(ProjectConfigurationPlatforms) = postSolution
		{7F6F55FF-F653-4BC0-9158-A09DAE7F73AF}.Debug|Any CPU.ActiveCfg = Debug|Any CPU
		{7F6F55FF-F653-4BC0-9158-A09DAE7F73AF}.Debug|Any CPU.Build.0 = Debug|Any CPU
		{7F6F55FF-F653-4BC0-9158-A09DAE7F73AF}.Release|Any CPU.ActiveCfg = Release|Any CPU
		{7F6F55FF-F653-4BC0-9158-A09DAE7F73AF}.Release|Any CPU.Build.0 = Release|Any CPU
		{003D7C6E-2EEB-4889-A18E-E17B1BBB08E3}.Debug|Any CPU.ActiveCfg = Debug|Any CPU
		{003D7C6E-2EEB-4889-A18E-E17B1BBB08E3}.Debug|Any CPU.Build.0 = Debug|Any CPU
		{003D7C6E-2EEB-4889-A18E-E17B1BBB08E3}.Release|Any CPU.ActiveCfg = Release|Any CPU
		{003D7C6E-2EEB-4889-A18E-E17B1BBB08E3}.Release|Any CPU.Build.0 = Release|Any CPU
		{F80AA555-5E5C-40F9-8F95-0DBD8441680E}.Debug|Any CPU.ActiveCfg = Debug|Any CPU
		{F80AA555-5E5C-40F9-8F95-0DBD8441680E}.Debug|Any CPU.Build.0 = Debug|Any CPU
		{F80AA555-5E5C-40F9-8F95-0DBD8441680E}.Release|Any CPU.ActiveCfg = Release|Any CPU
		{F80AA555-5E5C-40F9-8F95-0DBD8441680E}.Release|Any CPU.Build.0 = Release|Any CPU
		{8D623AD1-AFFE-44E9-8E5B-721CC79CE8A9}.Debug|Any CPU.ActiveCfg = Debug|Any CPU
		{8D623AD1-AFFE-44E9-8E5B-721CC79CE8A9}.Debug|Any CPU.Build.0 = Debug|Any CPU
		{8D623AD1-AFFE-44E9-8E5B-721CC79CE8A9}.Release|Any CPU.ActiveCfg = Release|Any CPU
		{8D623AD1-AFFE-44E9-8E5B-721CC79CE8A9}.Release|Any CPU.Build.0 = Release|Any CPU
	EndGlobalSection
EndGlobal
